
Microsoft Visual Studio Solution File, Format Version 12.00
# Visual Studio 15
VisualStudioVersion = 15.0.26730.12
MinimumVisualStudioVersion = 10.0.40219.1
Project("{FAE04EC0-301F-11D3-BF4B-00C04F79EFBC}") = "Store.WebUI", "Store.WebUI\Store.WebUI.csproj", "{34E25C9C-6C8D-434E-A6B5-24CB7BB67D56}"
EndProject
Project("{FAE04EC0-301F-11D3-BF4B-00C04F79EFBC}") = "Store.Domain", "Store.Domain\Store.Domain.csproj", "{46311880-213B-4831-9F30-6418CFF0224E}"
EndProject
Global
	GlobalSection(SolutionConfigurationPlatforms) = preSolution
		Debug|Any CPU = Debug|Any CPU
		Debug|ARM = Debug|ARM
		Debug|x64 = Debug|x64
		Debug|x86 = Debug|x86
		Release|Any CPU = Release|Any CPU
		Release|ARM = Release|ARM
		Release|x64 = Release|x64
		Release|x86 = Release|x86
	EndGlobalSection
	GlobalSection(ProjectConfigurationPlatforms) = postSolution
		{34E25C9C-6C8D-434E-A6B5-24CB7BB67D56}.Debug|Any CPU.ActiveCfg = Debug|Any CPU
		{34E25C9C-6C8D-434E-A6B5-24CB7BB67D56}.Debug|Any CPU.Build.0 = Debug|Any CPU
		{34E25C9C-6C8D-434E-A6B5-24CB7BB67D56}.Debug|ARM.ActiveCfg = Debug|Any CPU
		{34E25C9C-6C8D-434E-A6B5-24CB7BB67D56}.Debug|ARM.Build.0 = Debug|Any CPU
		{34E25C9C-6C8D-434E-A6B5-24CB7BB67D56}.Debug|x64.ActiveCfg = Debug|Any CPU
		{34E25C9C-6C8D-434E-A6B5-24CB7BB67D56}.Debug|x64.Build.0 = Debug|Any CPU
		{34E25C9C-6C8D-434E-A6B5-24CB7BB67D56}.Debug|x86.ActiveCfg = Debug|Any CPU
		{34E25C9C-6C8D-434E-A6B5-24CB7BB67D56}.Debug|x86.Build.0 = Debug|Any CPU
		{34E25C9C-6C8D-434E-A6B5-24CB7BB67D56}.Release|Any CPU.ActiveCfg = Release|Any CPU
		{34E25C9C-6C8D-434E-A6B5-24CB7BB67D56}.Release|Any CPU.Build.0 = Release|Any CPU
		{34E25C9C-6C8D-434E-A6B5-24CB7BB67D56}.Release|ARM.ActiveCfg = Release|Any CPU
		{34E25C9C-6C8D-434E-A6B5-24CB7BB67D56}.Release|ARM.Build.0 = Release|Any CPU
		{34E25C9C-6C8D-434E-A6B5-24CB7BB67D56}.Release|x64.ActiveCfg = Release|Any CPU
		{34E25C9C-6C8D-434E-A6B5-24CB7BB67D56}.Release|x64.Build.0 = Release|Any CPU
		{34E25C9C-6C8D-434E-A6B5-24CB7BB67D56}.Release|x86.ActiveCfg = Release|Any CPU
		{34E25C9C-6C8D-434E-A6B5-24CB7BB67D56}.Release|x86.Build.0 = Release|Any CPU
		{46311880-213B-4831-9F30-6418CFF0224E}.Debug|Any CPU.ActiveCfg = Debug|Any CPU
		{46311880-213B-4831-9F30-6418CFF0224E}.Debug|Any CPU.Build.0 = Debug|Any CPU
		{46311880-213B-4831-9F30-6418CFF0224E}.Debug|ARM.ActiveCfg = Debug|Any CPU
		{46311880-213B-4831-9F30-6418CFF0224E}.Debug|ARM.Build.0 = Debug|Any CPU
		{46311880-213B-4831-9F30-6418CFF0224E}.Debug|x64.ActiveCfg = Debug|Any CPU
		{46311880-213B-4831-9F30-6418CFF0224E}.Debug|x64.Build.0 = Debug|Any CPU
		{46311880-213B-4831-9F30-6418CFF0224E}.Debug|x86.ActiveCfg = Debug|Any CPU
		{46311880-213B-4831-9F30-6418CFF0224E}.Debug|x86.Build.0 = Debug|Any CPU
		{46311880-213B-4831-9F30-6418CFF0224E}.Release|Any CPU.ActiveCfg = Release|Any CPU
		{46311880-213B-4831-9F30-6418CFF0224E}.Release|Any CPU.Build.0 = Release|Any CPU
		{46311880-213B-4831-9F30-6418CFF0224E}.Release|ARM.ActiveCfg = Release|Any CPU
		{46311880-213B-4831-9F30-6418CFF0224E}.Release|ARM.Build.0 = Release|Any CPU
		{46311880-213B-4831-9F30-6418CFF0224E}.Release|x64.ActiveCfg = Release|Any CPU
		{46311880-213B-4831-9F30-6418CFF0224E}.Release|x64.Build.0 = Release|Any CPU
		{46311880-213B-4831-9F30-6418CFF0224E}.Release|x86.ActiveCfg = Release|Any CPU
		{46311880-213B-4831-9F30-6418CFF0224E}.Release|x86.Build.0 = Release|Any CPU
	EndGlobalSection
	GlobalSection(SolutionProperties) = preSolution
		HideSolutionNode = FALSE
	EndGlobalSection
	GlobalSection(ExtensibilityGlobals) = postSolution
		SolutionGuid = {72465888-1D66-4838-86CE-5F3EDA0743E8}
	EndGlobalSection
EndGlobal
